
Microsoft Visual Studio Solution File, Format Version 12.00
# Visual Studio Version 17
VisualStudioVersion = 17.14.36511.14 d17.14
MinimumVisualStudioVersion = 10.0.40219.1
Project("{FAE04EC0-301F-11D3-BF4B-00C04F79EFBC}") = "ListadeTarefas", "ListadeTarefas\ListadeTarefas.csproj", "{36D80044-F8CD-46CB-9FF0-9480F234BD71}"
EndProject
Global
	GlobalSection(SolutionConfigurationPlatforms) = preSolution
		Debug|Any CPU = Debug|Any CPU
		Release|Any CPU = Release|Any CPU
	EndGlobalSection
	GlobalSection(ProjectConfigurationPlatforms) = postSolution
		{36D80044-F8CD-46CB-9FF0-9480F234BD71}.Debug|Any CPU.ActiveCfg = Debug|Any CPU
		{36D80044-F8CD-46CB-9FF0-9480F234BD71}.Debug|Any CPU.Build.0 = Debug|Any CPU
		{36D80044-F8CD-46CB-9FF0-9480F234BD71}.Release|Any CPU.ActiveCfg = Release|Any CPU
		{36D80044-F8CD-46CB-9FF0-9480F234BD71}.Release|Any CPU.Build.0 = Release|Any CPU
	EndGlobalSection
	GlobalSection(SolutionProperties) = preSolution
		HideSolutionNode = FALSE
	EndGlobalSection
	GlobalSection(ExtensibilityGlobals) = postSolution
		SolutionGuid = {B23E5826-E2A3-4BB5-92EF-3491F8265C2A}
	EndGlobalSection
EndGlobal
